{
  "nodes": {
    "disko": {
      "inputs": {
        "nixpkgs": [
          "homelab-machines",
          "nixpkgs"
        ]
      },
      "locked": {
        "lastModified": 1734088167,
        "narHash": "sha256-snPBgTqwn3FPZVdFC5yt7Bnk3squim1vZOZ8CObWykk=",
        "owner": "nix-community",
        "repo": "disko",
        "rev": "65a441502c9382d41ada1adbc9bd31d6c9b00fe2",
        "type": "github"
      },
      "original": {
        "owner": "nix-community",
        "ref": "latest",
        "repo": "disko",
        "type": "github"
      }
    },
    "home-manager": {
      "inputs": {
        "nixpkgs": [
          "nixpkgs"
        ]
      },
      "locked": {
        "lastModified": 1735344290,
        "narHash": "sha256-oJDtWPH1oJT34RJK1FSWjwX4qcGOBRkcNQPD0EbSfNM=",
        "owner": "nix-community",
        "repo": "home-manager",
        "rev": "613691f285dad87694c2ba1c9e6298d04736292d",
        "type": "github"
      },
      "original": {
        "owner": "nix-community",
        "ref": "release-24.11",
        "repo": "home-manager",
        "type": "github"
      }
    },
    "homelab-machines": {
      "inputs": {
        "disko": "disko",
        "nixpkgs": [
          "nixpkgs"
        ]
      },
      "locked": {
        "lastModified": 1,
        "narHash": "sha256-B4EuReV1SLE6O6vRR2P6HrTugXkXXWgZv0SDz/373g8=",
        "path": "/nix/store/13qxsnxk2bmsd7yrx2wamlgqx483n44x-source/machines",
        "type": "path"
      },
      "original": {
        "path": "/nix/store/13qxsnxk2bmsd7yrx2wamlgqx483n44x-source/machines",
        "type": "path"
      }
    },
    "nixpkgs": {
      "locked": {
        "lastModified": 1736061677,
        "narHash": "sha256-DjkQPnkAfd7eB522PwnkGhOMuT9QVCZspDpJJYyOj60=",
        "owner": "nixos",
        "repo": "nixpkgs",
        "rev": "cbd8ec4de4469333c82ff40d057350c30e9f7d36",
        "type": "github"
      },
      "original": {
        "owner": "nixos",
        "ref": "nixos-24.11",
        "repo": "nixpkgs",
        "type": "github"
      }
    },
    "root": {
      "inputs": {
        "home-manager": "home-manager",
        "homelab-machines": "homelab-machines",
        "nixpkgs": "nixpkgs"
      }
    }
  },
  "root": "root",
  "version": 7
}
