{
  "nodes": {
    "disko": {
      "inputs": {
        "nixpkgs": [
          "homelab-machines",
          "nixpkgs"
        ]
      },
      "locked": {
        "lastModified": 1734088167,
        "narHash": "sha256-snPBgTqwn3FPZVdFC5yt7Bnk3squim1vZOZ8CObWykk=",
        "owner": "nix-community",
        "repo": "disko",
        "rev": "65a441502c9382d41ada1adbc9bd31d6c9b00fe2",
        "type": "github"
      },
      "original": {
        "owner": "nix-community",
        "ref": "latest",
        "repo": "disko",
        "type": "github"
      }
    },
    "home-manager": {
      "inputs": {
        "nixpkgs": [
          "nixpkgs"
        ]
      },
      "locked": {
        "lastModified": 1736373539,
        "narHash": "sha256-dinzAqCjenWDxuy+MqUQq0I4zUSfaCvN9rzuCmgMZJY=",
        "owner": "nix-community",
        "repo": "home-manager",
        "rev": "bd65bc3cde04c16755955630b344bc9e35272c56",
        "type": "github"
      },
      "original": {
        "owner": "nix-community",
        "ref": "release-24.11",
        "repo": "home-manager",
        "type": "github"
      }
    },
    "homelab-machines": {
      "inputs": {
        "disko": "disko",
        "impermanence": "impermanence",
        "nixpkgs": [
          "nixpkgs"
        ]
      },
      "locked": {
        "lastModified": 1738175880,
        "narHash": "sha256-cUPFPXBNHEmwZEd/SMrT9PzrLimx6IVUJTzhJw7ExtI=",
        "ref": "refs/heads/main",
        "rev": "d994bcb32f3a6b4477ae11267474e3ffa9430b4b",
        "revCount": 5,
        "type": "git",
        "url": "file:///home/brian/homelab-machines"
      },
      "original": {
        "type": "git",
        "url": "file:///home/brian/homelab-machines"
      }
    },
    "impermanence": {
      "locked": {
        "lastModified": 1734945620,
        "narHash": "sha256-olIfsfJK4/GFmPH8mXMmBDAkzVQ1TWJmeGT3wBGfQPY=",
        "owner": "nix-community",
        "repo": "impermanence",
        "rev": "d000479f4f41390ff7cf9204979660ad5dd16176",
        "type": "github"
      },
      "original": {
        "owner": "nix-community",
        "repo": "impermanence",
        "type": "github"
      }
    },
    "nixpkgs": {
      "locked": {
        "lastModified": 1737569578,
        "narHash": "sha256-6qY0pk2QmUtBT9Mywdvif0i/CLVgpCjMUn6g9vB+f3M=",
        "owner": "nixos",
        "repo": "nixpkgs",
        "rev": "47addd76727f42d351590c905d9d1905ca895b82",
        "type": "github"
      },
      "original": {
        "owner": "nixos",
        "ref": "nixos-24.11",
        "repo": "nixpkgs",
        "type": "github"
      }
    },
    "root": {
      "inputs": {
        "home-manager": "home-manager",
        "homelab-machines": "homelab-machines",
        "nixpkgs": "nixpkgs"
      }
    }
  },
  "root": "root",
  "version": 7
}
